
Microsoft Visual Studio Solution File, Format Version 12.00
# Visual Studio Version 17
VisualStudioVersion = 17.6.33801.468
MinimumVisualStudioVersion = 10.0.40219.1
Project("{FAE04EC0-301F-11D3-BF4B-00C04F79EFBC}") = "QueryResult", "QueryResult\QueryResult.csproj", "{4B06DDF3-DB9F-42ED-BB66-9116E1E17DCE}"
EndProject
Global
	GlobalSection(SolutionConfigurationPlatforms) = preSolution
		Debug|Any CPU = Debug|Any CPU
		Release|Any CPU = Release|Any CPU
	EndGlobalSection
	GlobalSection(ProjectConfigurationPlatforms) = postSolution
		{4B06DDF3-DB9F-42ED-BB66-9116E1E17DCE}.Debug|Any CPU.ActiveCfg = Debug|Any CPU
		{4B06DDF3-DB9F-42ED-BB66-9116E1E17DCE}.Debug|Any CPU.Build.0 = Debug|Any CPU
		{4B06DDF3-DB9F-42ED-BB66-9116E1E17DCE}.Release|Any CPU.ActiveCfg = Release|Any CPU
		{4B06DDF3-DB9F-42ED-BB66-9116E1E17DCE}.Release|Any CPU.Build.0 = Release|Any CPU
	EndGlobalSection
	GlobalSection(SolutionProperties) = preSolution
		HideSolutionNode = FALSE
	EndGlobalSection
	GlobalSection(ExtensibilityGlobals) = postSolution
		SolutionGuid = {6EEBFB19-D2C6-49CA-A84D-DD5A3C50C777}
	EndGlobalSection
EndGlobal
